
Microsoft Visual Studio Solution File, Format Version 12.00
# Visual Studio Version 17
VisualStudioVersion = 17.7.34031.279
MinimumVisualStudioVersion = 10.0.40219.1
Project("{FAE04EC0-301F-11D3-BF4B-00C04F79EFBC}") = "game", "game.csproj", "{06C6FA4E-3788-4023-97B8-FF7D83B99875}"
EndProject
Global
	GlobalSection(SolutionConfigurationPlatforms) = preSolution
		Debug|Any CPU = Debug|Any CPU
		Release|Any CPU = Release|Any CPU
	EndGlobalSection
	GlobalSection(ProjectConfigurationPlatforms) = postSolution
		{06C6FA4E-3788-4023-97B8-FF7D83B99875}.Debug|Any CPU.ActiveCfg = Debug|Any CPU
		{06C6FA4E-3788-4023-97B8-FF7D83B99875}.Debug|Any CPU.Build.0 = Debug|Any CPU
		{06C6FA4E-3788-4023-97B8-FF7D83B99875}.Release|Any CPU.ActiveCfg = Release|Any CPU
		{06C6FA4E-3788-4023-97B8-FF7D83B99875}.Release|Any CPU.Build.0 = Release|Any CPU
	EndGlobalSection
	GlobalSection(SolutionProperties) = preSolution
		HideSolutionNode = FALSE
	EndGlobalSection
	GlobalSection(ExtensibilityGlobals) = postSolution
		SolutionGuid = {27B147D1-8553-412B-BBCF-D5DDE3CDFAC7}
	EndGlobalSection
EndGlobal
